{
    "deployer/deployer": {
        "version": "v6.7.3"
    },
    "deployer/phar-update": {
        "version": "v2.2.0"
    },
    "egulias/email-validator": {
        "version": "2.1.17"
    },
    "google/recaptcha": {
        "version": "1.1",
        "recipe": {
            "repo": "github.com/symfony/recipes-contrib",
            "branch": "master",
            "version": "1.1",
            "ref": "d087df3e087f50da3955f2def05079380da5894b"
        },
        "files": [
            "config/packages/google_recaptcha.yaml"
        ]
    },
    "php": {
        "version": "7.3"
    },
    "pimple/pimple": {
        "version": "v3.2.3"
    },
    "symfony/mailer": {
        "version": "4.3",
        "recipe": {
            "repo": "github.com/symfony/recipes",
            "branch": "master",
            "version": "4.3",
            "ref": "15658c2a0176cda2e7dba66276a2030b52bd81b2"
        },
        "files": [
            "config/packages/mailer.yaml"
        ]
    },
    "symfony/sendgrid-mailer": {
        "version": "4.4",
        "recipe": {
            "repo": "github.com/symfony/recipes",
            "branch": "master",
            "version": "4.4",
            "ref": "b46e4f8f1adb2864f0aa9c0ff57aea3324a07199"
        }
    }
}
